
Microsoft Visual Studio Solution File, Format Version 12.00
# Visual Studio 2013
VisualStudioVersion = 12.0.21005.1
MinimumVisualStudioVersion = 10.0.40219.1
Project("{FAE04EC0-301F-11D3-BF4B-00C04F79EFBC}") = "DisSol", "DisSol\DisSol.csproj", "{B807F5EE-9F06-4079-99C0-B69117BD2650}"
EndProject
Project("{FAE04EC0-301F-11D3-BF4B-00C04F79EFBC}") = "DAOBase", "\\ITMONARCH-PC-1\Rajesh_Shared\DAOBase\DAOBase.csproj", "{F9C512F5-98D6-4D7F-BFEA-568544E90A8B}"
EndProject
Global
	GlobalSection(SolutionConfigurationPlatforms) = preSolution
		Debug|Any CPU = Debug|Any CPU
		Release|Any CPU = Release|Any CPU
	EndGlobalSection
	GlobalSection(ProjectConfigurationPlatforms) = postSolution
		{B807F5EE-9F06-4079-99C0-B69117BD2650}.Debug|Any CPU.ActiveCfg = Debug|Any CPU
		{B807F5EE-9F06-4079-99C0-B69117BD2650}.Debug|Any CPU.Build.0 = Debug|Any CPU
		{B807F5EE-9F06-4079-99C0-B69117BD2650}.Release|Any CPU.ActiveCfg = Release|Any CPU
		{B807F5EE-9F06-4079-99C0-B69117BD2650}.Release|Any CPU.Build.0 = Release|Any CPU
		{F9C512F5-98D6-4D7F-BFEA-568544E90A8B}.Debug|Any CPU.ActiveCfg = Debug|Any CPU
		{F9C512F5-98D6-4D7F-BFEA-568544E90A8B}.Debug|Any CPU.Build.0 = Debug|Any CPU
		{F9C512F5-98D6-4D7F-BFEA-568544E90A8B}.Release|Any CPU.ActiveCfg = Release|Any CPU
		{F9C512F5-98D6-4D7F-BFEA-568544E90A8B}.Release|Any CPU.Build.0 = Release|Any CPU
	EndGlobalSection
	GlobalSection(SolutionProperties) = preSolution
		HideSolutionNode = FALSE
	EndGlobalSection
EndGlobal
